// !$*UTF8*$!
{
	archiveVersion = 1;
	classes = {
	};
	objectVersion = 50;
	objects = {

/* Begin PBXBuildFile section */
		0313BC2B65FDC537539B3588 /* Pods_SmackApp.framework in Frameworks */ = {isa = PBXBuildFile; fileRef = B94F439F540092382049DD80 /* Pods_SmackApp.framework */; };
		14A7BC3521015A3A008E0778 /* GradientView.swift in Sources */ = {isa = PBXBuildFile; fileRef = 14A7BC3421015A3A008E0778 /* GradientView.swift */; };
		14A7BC3821017ECC008E0778 /* Constants.swift in Sources */ = {isa = PBXBuildFile; fileRef = 14A7BC3721017ECC008E0778 /* Constants.swift */; };
		14A7BC3A2101A17A008E0778 /* LoginVC.swift in Sources */ = {isa = PBXBuildFile; fileRef = 14A7BC392101A17A008E0778 /* LoginVC.swift */; };
		14A7BC3C2103D394008E0778 /* CreateAccountVC.swift in Sources */ = {isa = PBXBuildFile; fileRef = 14A7BC3B2103D394008E0778 /* CreateAccountVC.swift */; };
		14C23DF120FC3C5C00F67871 /* AppDelegate.swift in Sources */ = {isa = PBXBuildFile; fileRef = 14C23DF020FC3C5C00F67871 /* AppDelegate.swift */; };
		14C23DF620FC3C5C00F67871 /* Main.storyboard in Resources */ = {isa = PBXBuildFile; fileRef = 14C23DF420FC3C5C00F67871 /* Main.storyboard */; };
		14C23DF820FC3C5D00F67871 /* Assets.xcassets in Resources */ = {isa = PBXBuildFile; fileRef = 14C23DF720FC3C5D00F67871 /* Assets.xcassets */; };
		14C23DFB20FC3C5D00F67871 /* LaunchScreen.storyboard in Resources */ = {isa = PBXBuildFile; fileRef = 14C23DF920FC3C5D00F67871 /* LaunchScreen.storyboard */; };
		14C23E0621003A9B00F67871 /* SWRevealViewController.m in Sources */ = {isa = PBXBuildFile; fileRef = 14C23E0421003A9A00F67871 /* SWRevealViewController.m */; };
		14C23E0B21003DB200F67871 /* ChatVC.swift in Sources */ = {isa = PBXBuildFile; fileRef = 14C23E0A21003DB200F67871 /* ChatVC.swift */; };
		14C23E0D21003DC200F67871 /* ChannelVC.swift in Sources */ = {isa = PBXBuildFile; fileRef = 14C23E0C21003DC200F67871 /* ChannelVC.swift */; };
/* End PBXBuildFile section */

/* Begin PBXFileReference section */
		14A7BC3421015A3A008E0778 /* GradientView.swift */ = {isa = PBXFileReference; lastKnownFileType = sourcecode.swift; path = GradientView.swift; sourceTree = "<group>"; };
		14A7BC3721017ECC008E0778 /* Constants.swift */ = {isa = PBXFileReference; lastKnownFileType = sourcecode.swift; path = Constants.swift; sourceTree = "<group>"; };
		14A7BC392101A17A008E0778 /* LoginVC.swift */ = {isa = PBXFileReference; lastKnownFileType = sourcecode.swift; path = LoginVC.swift; sourceTree = "<group>"; };
		14A7BC3B2103D394008E0778 /* CreateAccountVC.swift */ = {isa = PBXFileReference; lastKnownFileType = sourcecode.swift; path = CreateAccountVC.swift; sourceTree = "<group>"; };
		14C23DED20FC3C5C00F67871 /* SmackApp.app */ = {isa = PBXFileReference; explicitFileType = wrapper.application; includeInIndex = 0; path = SmackApp.app; sourceTree = BUILT_PRODUCTS_DIR; };
		14C23DF020FC3C5C00F67871 /* AppDelegate.swift */ = {isa = PBXFileReference; lastKnownFileType = sourcecode.swift; path = AppDelegate.swift; sourceTree = "<group>"; };
		14C23DF520FC3C5C00F67871 /* Base */ = {isa = PBXFileReference; lastKnownFileType = file.storyboard; name = Base; path = Base.lproj/Main.storyboard; sourceTree = "<group>"; };
		14C23DF720FC3C5D00F67871 /* Assets.xcassets */ = {isa = PBXFileReference; lastKnownFileType = folder.assetcatalog; path = Assets.xcassets; sourceTree = "<group>"; };
		14C23DFA20FC3C5D00F67871 /* Base */ = {isa = PBXFileReference; lastKnownFileType = file.storyboard; name = Base; path = Base.lproj/LaunchScreen.storyboard; sourceTree = "<group>"; };
		14C23DFC20FC3C5D00F67871 /* Info.plist */ = {isa = PBXFileReference; lastKnownFileType = text.plist.xml; path = Info.plist; sourceTree = "<group>"; };
		14C23E0321003A9900F67871 /* SmackApp-Bridging-Header.h */ = {isa = PBXFileReference; lastKnownFileType = sourcecode.c.h; path = "SmackApp-Bridging-Header.h"; sourceTree = "<group>"; };
		14C23E0421003A9A00F67871 /* SWRevealViewController.m */ = {isa = PBXFileReference; fileEncoding = 4; lastKnownFileType = sourcecode.c.objc; path = SWRevealViewController.m; sourceTree = "<group>"; };
		14C23E0521003A9A00F67871 /* SWRevealViewController.h */ = {isa = PBXFileReference; fileEncoding = 4; lastKnownFileType = sourcecode.c.h; path = SWRevealViewController.h; sourceTree = "<group>"; };
		14C23E0A21003DB200F67871 /* ChatVC.swift */ = {isa = PBXFileReference; lastKnownFileType = sourcecode.swift; path = ChatVC.swift; sourceTree = "<group>"; };
		14C23E0C21003DC200F67871 /* ChannelVC.swift */ = {isa = PBXFileReference; lastKnownFileType = sourcecode.swift; path = ChannelVC.swift; sourceTree = "<group>"; };
		A33970051416E205FE0EDB1B /* Pods-SmackApp.release.xcconfig */ = {isa = PBXFileReference; includeInIndex = 1; lastKnownFileType = text.xcconfig; name = "Pods-SmackApp.release.xcconfig"; path = "Pods/Target Support Files/Pods-SmackApp/Pods-SmackApp.release.xcconfig"; sourceTree = "<group>"; };
		B94F439F540092382049DD80 /* Pods_SmackApp.framework */ = {isa = PBXFileReference; explicitFileType = wrapper.framework; includeInIndex = 0; path = Pods_SmackApp.framework; sourceTree = BUILT_PRODUCTS_DIR; };
		FACB3AAA3073E72322979E08 /* Pods-SmackApp.debug.xcconfig */ = {isa = PBXFileReference; includeInIndex = 1; lastKnownFileType = text.xcconfig; name = "Pods-SmackApp.debug.xcconfig"; path = "Pods/Target Support Files/Pods-SmackApp/Pods-SmackApp.debug.xcconfig"; sourceTree = "<group>"; };
/* End PBXFileReference section */

/* Begin PBXFrameworksBuildPhase section */
		14C23DEA20FC3C5C00F67871 /* Frameworks */ = {
			isa = PBXFrameworksBuildPhase;
			buildActionMask = 2147483647;
			files = (
				0313BC2B65FDC537539B3588 /* Pods_SmackApp.framework in Frameworks */,
			);
			runOnlyForDeploymentPostprocessing = 0;
		};
/* End PBXFrameworksBuildPhase section */

/* Begin PBXGroup section */
		14A7BC3621017EB5008E0778 /* Utilities */ = {
			isa = PBXGroup;
			children = (
				14A7BC3721017ECC008E0778 /* Constants.swift */,
			);
			path = Utilities;
			sourceTree = "<group>";
		};
		14C23DE420FC3C5C00F67871 = {
			isa = PBXGroup;
			children = (
				14C23DEF20FC3C5C00F67871 /* SmackApp */,
				14C23DEE20FC3C5C00F67871 /* Products */,
				15FDFEC2470321418439DB4C /* Pods */,
				236465302AAA43D0DFAF1058 /* Frameworks */,
			);
			sourceTree = "<group>";
		};
		14C23DEE20FC3C5C00F67871 /* Products */ = {
			isa = PBXGroup;
			children = (
				14C23DED20FC3C5C00F67871 /* SmackApp.app */,
			);
			name = Products;
			sourceTree = "<group>";
		};
		14C23DEF20FC3C5C00F67871 /* SmackApp */ = {
			isa = PBXGroup;
			children = (
				14A7BC3621017EB5008E0778 /* Utilities */,
				14C23E0921003D9300F67871 /* Model */,
				14C23E0821003D8E00F67871 /* View */,
				14C23E0721003D8800F67871 /* Controller */,
				14C23E0221003A7A00F67871 /* Supporting Files */,
				14C23DF020FC3C5C00F67871 /* AppDelegate.swift */,
				14C23DF420FC3C5C00F67871 /* Main.storyboard */,
				14C23DF720FC3C5D00F67871 /* Assets.xcassets */,
				14C23DF920FC3C5D00F67871 /* LaunchScreen.storyboard */,
				14C23DFC20FC3C5D00F67871 /* Info.plist */,
			);
			path = SmackApp;
			sourceTree = "<group>";
		};
		14C23E0221003A7A00F67871 /* Supporting Files */ = {
			isa = PBXGroup;
			children = (
				14C23E0521003A9A00F67871 /* SWRevealViewController.h */,
				14C23E0421003A9A00F67871 /* SWRevealViewController.m */,
				14C23E0321003A9900F67871 /* SmackApp-Bridging-Header.h */,
			);
			path = "Supporting Files";
			sourceTree = "<group>";
		};
		14C23E0721003D8800F67871 /* Controller */ = {
			isa = PBXGroup;
			children = (
				14C23E0A21003DB200F67871 /* ChatVC.swift */,
				14C23E0C21003DC200F67871 /* ChannelVC.swift */,
				14A7BC392101A17A008E0778 /* LoginVC.swift */,
				14A7BC3B2103D394008E0778 /* CreateAccountVC.swift */,
			);
			path = Controller;
			sourceTree = "<group>";
		};
		14C23E0821003D8E00F67871 /* View */ = {
			isa = PBXGroup;
			children = (
				14A7BC3421015A3A008E0778 /* GradientView.swift */,
			);
			path = View;
			sourceTree = "<group>";
		};
		14C23E0921003D9300F67871 /* Model */ = {
			isa = PBXGroup;
			children = (
			);
			path = Model;
			sourceTree = "<group>";
		};
		15FDFEC2470321418439DB4C /* Pods */ = {
			isa = PBXGroup;
			children = (
				FACB3AAA3073E72322979E08 /* Pods-SmackApp.debug.xcconfig */,
				A33970051416E205FE0EDB1B /* Pods-SmackApp.release.xcconfig */,
			);
			name = Pods;
			sourceTree = "<group>";
		};
		236465302AAA43D0DFAF1058 /* Frameworks */ = {
			isa = PBXGroup;
			children = (
				B94F439F540092382049DD80 /* Pods_SmackApp.framework */,
			);
			name = Frameworks;
			sourceTree = "<group>";
		};
/* End PBXGroup section */

/* Begin PBXNativeTarget section */
		14C23DEC20FC3C5C00F67871 /* SmackApp */ = {
			isa = PBXNativeTarget;
			buildConfigurationList = 14C23DFF20FC3C5D00F67871 /* Build configuration list for PBXNativeTarget "SmackApp" */;
			buildPhases = (
				1717459A7C7AA31883393C4D /* [CP] Check Pods Manifest.lock */,
				14C23DE920FC3C5C00F67871 /* Sources */,
				14C23DEA20FC3C5C00F67871 /* Frameworks */,
				14C23DEB20FC3C5C00F67871 /* Resources */,
				CFAF8724083889469BF96E26 /* [CP] Embed Pods Frameworks */,
			);
			buildRules = (
			);
			dependencies = (
			);
			name = SmackApp;
			productName = SmackApp;
			productReference = 14C23DED20FC3C5C00F67871 /* SmackApp.app */;
			productType = "com.apple.product-type.application";
		};
/* End PBXNativeTarget section */

/* Begin PBXProject section */
		14C23DE520FC3C5C00F67871 /* Project object */ = {
			isa = PBXProject;
			attributes = {
				LastSwiftUpdateCheck = 0940;
				LastUpgradeCheck = 0940;
				ORGANIZATIONNAME = "Cory Braun";
				TargetAttributes = {
					14C23DEC20FC3C5C00F67871 = {
						CreatedOnToolsVersion = 9.4.1;
						LastSwiftMigration = 0940;
					};
				};
			};
			buildConfigurationList = 14C23DE820FC3C5C00F67871 /* Build configuration list for PBXProject "SmackApp" */;
			compatibilityVersion = "Xcode 9.3";
			developmentRegion = en;
			hasScannedForEncodings = 0;
			knownRegions = (
				en,
				Base,
			);
			mainGroup = 14C23DE420FC3C5C00F67871;
			productRefGroup = 14C23DEE20FC3C5C00F67871 /* Products */;
			projectDirPath = "";
			projectRoot = "";
			targets = (
				14C23DEC20FC3C5C00F67871 /* SmackApp */,
			);
		};
/* End PBXProject section */

/* Begin PBXResourcesBuildPhase section */
		14C23DEB20FC3C5C00F67871 /* Resources */ = {
			isa = PBXResourcesBuildPhase;
			buildActionMask = 2147483647;
			files = (
				14C23DFB20FC3C5D00F67871 /* LaunchScreen.storyboard in Resources */,
				14C23DF820FC3C5D00F67871 /* Assets.xcassets in Resources */,
				14C23DF620FC3C5C00F67871 /* Main.storyboard in Resources */,
			);
			runOnlyForDeploymentPostprocessing = 0;
		};
/* End PBXResourcesBuildPhase section */

/* Begin PBXShellScriptBuildPhase section */
		1717459A7C7AA31883393C4D /* [CP] Check Pods Manifest.lock */ = {
			isa = PBXShellScriptBuildPhase;
			buildActionMask = 2147483647;
			files = (
			);
			inputPaths = (
				"${PODS_PODFILE_DIR_PATH}/Podfile.lock",
				"${PODS_ROOT}/Manifest.lock",
			);
			name = "[CP] Check Pods Manifest.lock";
			outputPaths = (
				"$(DERIVED_FILE_DIR)/Pods-SmackApp-checkManifestLockResult.txt",
			);
			runOnlyForDeploymentPostprocessing = 0;
			shellPath = /bin/sh;
			shellScript = "diff \"${PODS_PODFILE_DIR_PATH}/Podfile.lock\" \"${PODS_ROOT}/Manifest.lock\" > /dev/null\nif [ $? != 0 ] ; then\n    # print error to STDERR\n    echo \"error: The sandbox is not in sync with the Podfile.lock. Run 'pod install' or update your CocoaPods installation.\" >&2\n    exit 1\nfi\n# This output is used by Xcode 'outputs' to avoid re-running this script phase.\necho \"SUCCESS\" > \"${SCRIPT_OUTPUT_FILE_0}\"\n";
			showEnvVarsInLog = 0;
		};
		CFAF8724083889469BF96E26 /* [CP] Embed Pods Frameworks */ = {
			isa = PBXShellScriptBuildPhase;
			buildActionMask = 2147483647;
			files = (
			);
			inputPaths = (
				"${SRCROOT}/Pods/Target Support Files/Pods-SmackApp/Pods-SmackApp-frameworks.sh",
				"${BUILT_PRODUCTS_DIR}/Alamofire/Alamofire.framework",
				"${BUILT_PRODUCTS_DIR}/Socket.IO-Client-Swift/SocketIO.framework",
				"${BUILT_PRODUCTS_DIR}/Starscream/Starscream.framework",
				"${BUILT_PRODUCTS_DIR}/SwiftyJSON/SwiftyJSON.framework",
			);
			name = "[CP] Embed Pods Frameworks";
			outputPaths = (
				"${TARGET_BUILD_DIR}/${FRAMEWORKS_FOLDER_PATH}/Alamofire.framework",
				"${TARGET_BUILD_DIR}/${FRAMEWORKS_FOLDER_PATH}/SocketIO.framework",
				"${TARGET_BUILD_DIR}/${FRAMEWORKS_FOLDER_PATH}/Starscream.framework",
				"${TARGET_BUILD_DIR}/${FRAMEWORKS_FOLDER_PATH}/SwiftyJSON.framework",
			);
			runOnlyForDeploymentPostprocessing = 0;
			shellPath = /bin/sh;
			shellScript = "\"${SRCROOT}/Pods/Target Support Files/Pods-SmackApp/Pods-SmackApp-frameworks.sh\"\n";
			showEnvVarsInLog = 0;
		};
/* End PBXShellScriptBuildPhase section */

/* Begin PBXSourcesBuildPhase section */
		14C23DE920FC3C5C00F67871 /* Sources */ = {
			isa = PBXSourcesBuildPhase;
			buildActionMask = 2147483647;
			files = (
				14C23E0D21003DC200F67871 /* ChannelVC.swift in Sources */,
				14C23E0B21003DB200F67871 /* ChatVC.swift in Sources */,
				14A7BC3C2103D394008E0778 /* CreateAccountVC.swift in Sources */,
				14A7BC3A2101A17A008E0778 /* LoginVC.swift in Sources */,
				14A7BC3521015A3A008E0778 /* GradientView.swift in Sources */,
				14C23DF120FC3C5C00F67871 /* AppDelegate.swift in Sources */,
				14C23E0621003A9B00F67871 /* SWRevealViewController.m in Sources */,
				14A7BC3821017ECC008E0778 /* Constants.swift in Sources */,
			);
			runOnlyForDeploymentPostprocessing = 0;
		};
/* End PBXSourcesBuildPhase section */

/* Begin PBXVariantGroup section */
		14C23DF420FC3C5C00F67871 /* Main.storyboard */ = {
			isa = PBXVariantGroup;
			children = (
				14C23DF520FC3C5C00F67871 /* Base */,
			);
			name = Main.storyboard;
			sourceTree = "<group>";
		};
		14C23DF920FC3C5D00F67871 /* LaunchScreen.storyboard */ = {
			isa = PBXVariantGroup;
			children = (
				14C23DFA20FC3C5D00F67871 /* Base */,
			);
			name = LaunchScreen.storyboard;
			sourceTree = "<group>";
		};
/* End PBXVariantGroup section */

/* Begin XCBuildConfiguration section */
		14C23DFD20FC3C5D00F67871 /* Debug */ = {
			isa = XCBuildConfiguration;
			buildSettings = {
				ALWAYS_SEARCH_USER_PATHS = NO;
				CLANG_ANALYZER_NONNULL = YES;
				CLANG_ANALYZER_NUMBER_OBJECT_CONVERSION = YES_AGGRESSIVE;
				CLANG_CXX_LANGUAGE_STANDARD = "gnu++14";
				CLANG_CXX_LIBRARY = "libc++";
				CLANG_ENABLE_MODULES = YES;
				CLANG_ENABLE_OBJC_ARC = YES;
				CLANG_ENABLE_OBJC_WEAK = YES;
				CLANG_WARN_BLOCK_CAPTURE_AUTORELEASING = YES;
				CLANG_WARN_BOOL_CONVERSION = YES;
				CLANG_WARN_COMMA = YES;
				CLANG_WARN_CONSTANT_CONVERSION = YES;
				CLANG_WARN_DEPRECATED_OBJC_IMPLEMENTATIONS = YES;
				CLANG_WARN_DIRECT_OBJC_ISA_USAGE = YES_ERROR;
				CLANG_WARN_DOCUMENTATION_COMMENTS = YES;
				CLANG_WARN_EMPTY_BODY = YES;
				CLANG_WARN_ENUM_CONVERSION = YES;
				CLANG_WARN_INFINITE_RECURSION = YES;
				CLANG_WARN_INT_CONVERSION = YES;
				CLANG_WARN_NON_LITERAL_NULL_CONVERSION = YES;
				CLANG_WARN_OBJC_IMPLICIT_RETAIN_SELF = YES;
				CLANG_WARN_OBJC_LITERAL_CONVERSION = YES;
				CLANG_WARN_OBJC_ROOT_CLASS = YES_ERROR;
				CLANG_WARN_RANGE_LOOP_ANALYSIS = YES;
				CLANG_WARN_STRICT_PROTOTYPES = YES;
				CLANG_WARN_SUSPICIOUS_MOVE = YES;
				CLANG_WARN_UNGUARDED_AVAILABILITY = YES_AGGRESSIVE;
				CLANG_WARN_UNREACHABLE_CODE = YES;
				CLANG_WARN__DUPLICATE_METHOD_MATCH = YES;
				CODE_SIGN_IDENTITY = "iPhone Developer";
				COPY_PHASE_STRIP = NO;
				DEBUG_INFORMATION_FORMAT = dwarf;
				ENABLE_STRICT_OBJC_MSGSEND = YES;
				ENABLE_TESTABILITY = YES;
				GCC_C_LANGUAGE_STANDARD = gnu11;
				GCC_DYNAMIC_NO_PIC = NO;
				GCC_NO_COMMON_BLOCKS = YES;
				GCC_OPTIMIZATION_LEVEL = 0;
				GCC_PREPROCESSOR_DEFINITIONS = (
					"DEBUG=1",
					"$(inherited)",
				);
				GCC_WARN_64_TO_32_BIT_CONVERSION = YES;
				GCC_WARN_ABOUT_RETURN_TYPE = YES_ERROR;
				GCC_WARN_UNDECLARED_SELECTOR = YES;
				GCC_WARN_UNINITIALIZED_AUTOS = YES_AGGRESSIVE;
				GCC_WARN_UNUSED_FUNCTION = YES;
				GCC_WARN_UNUSED_VARIABLE = YES;
				IPHONEOS_DEPLOYMENT_TARGET = 11.4;
				MTL_ENABLE_DEBUG_INFO = YES;
				ONLY_ACTIVE_ARCH = YES;
				SDKROOT = iphoneos;
				SWIFT_ACTIVE_COMPILATION_CONDITIONS = DEBUG;
				SWIFT_OPTIMIZATION_LEVEL = "-Onone";
			};
			name = Debug;
		};
		14C23DFE20FC3C5D00F67871 /* Release */ = {
			isa = XCBuildConfiguration;
			buildSettings = {
				ALWAYS_SEARCH_USER_PATHS = NO;
				CLANG_ANALYZER_NONNULL = YES;
				CLANG_ANALYZER_NUMBER_OBJECT_CONVERSION = YES_AGGRESSIVE;
				CLANG_CXX_LANGUAGE_STANDARD = "gnu++14";
				CLANG_CXX_LIBRARY = "libc++";
				CLANG_ENABLE_MODULES = YES;
				CLANG_ENABLE_OBJC_ARC = YES;
				CLANG_ENABLE_OBJC_WEAK = YES;
				CLANG_WARN_BLOCK_CAPTURE_AUTORELEASING = YES;
				CLANG_WARN_BOOL_CONVERSION = YES;
				CLANG_WARN_COMMA = YES;
				CLANG_WARN_CONSTANT_CONVERSION = YES;
				CLANG_WARN_DEPRECATED_OBJC_IMPLEMENTATIONS = YES;
				CLANG_WARN_DIRECT_OBJC_ISA_USAGE = YES_ERROR;
				CLANG_WARN_DOCUMENTATION_COMMENTS = YES;
				CLANG_WARN_EMPTY_BODY = YES;
				CLANG_WARN_ENUM_CONVERSION = YES;
				CLANG_WARN_INFINITE_RECURSION = YES;
				CLANG_WARN_INT_CONVERSION = YES;
				CLANG_WARN_NON_LITERAL_NULL_CONVERSION = YES;
				CLANG_WARN_OBJC_IMPLICIT_RETAIN_SELF = YES;
				CLANG_WARN_OBJC_LITERAL_CONVERSION = YES;
				CLANG_WARN_OBJC_ROOT_CLASS = YES_ERROR;
				CLANG_WARN_RANGE_LOOP_ANALYSIS = YES;
				CLANG_WARN_STRICT_PROTOTYPES = YES;
				CLANG_WARN_SUSPICIOUS_MOVE = YES;
				CLANG_WARN_UNGUARDED_AVAILABILITY = YES_AGGRESSIVE;
				CLANG_WARN_UNREACHABLE_CODE = YES;
				CLANG_WARN__DUPLICATE_METHOD_MATCH = YES;
				CODE_SIGN_IDENTITY = "iPhone Developer";
				COPY_PHASE_STRIP = NO;
				DEBUG_INFORMATION_FORMAT = "dwarf-with-dsym";
				ENABLE_NS_ASSERTIONS = NO;
				ENABLE_STRICT_OBJC_MSGSEND = YES;
				GCC_C_LANGUAGE_STANDARD = gnu11;
				GCC_NO_COMMON_BLOCKS = YES;
				GCC_WARN_64_TO_32_BIT_CONVERSION = YES;
				GCC_WARN_ABOUT_RETURN_TYPE = YES_ERROR;
				GCC_WARN_UNDECLARED_SELECTOR = YES;
				GCC_WARN_UNINITIALIZED_AUTOS = YES_AGGRESSIVE;
				GCC_WARN_UNUSED_FUNCTION = YES;
				GCC_WARN_UNUSED_VARIABLE = YES;
				IPHONEOS_DEPLOYMENT_TARGET = 11.4;
				MTL_ENABLE_DEBUG_INFO = NO;
				SDKROOT = iphoneos;
				SWIFT_COMPILATION_MODE = wholemodule;
				SWIFT_OPTIMIZATION_LEVEL = "-O";
				VALIDATE_PRODUCT = YES;
			};
			name = Release;
		};
		14C23E0020FC3C5D00F67871 /* Debug */ = {
			isa = XCBuildConfiguration;
			baseConfigurationReference = FACB3AAA3073E72322979E08 /* Pods-SmackApp.debug.xcconfig */;
			buildSettings = {
				ASSETCATALOG_COMPILER_APPICON_NAME = AppIcon;
				CLANG_ENABLE_MODULES = YES;
				CODE_SIGN_STYLE = Automatic;
				INFOPLIST_FILE = SmackApp/Info.plist;
				LD_RUNPATH_SEARCH_PATHS = (
					"$(inherited)",
					"@executable_path/Frameworks",
				);
				PRODUCT_BUNDLE_IDENTIFIER = corybraun.SmackApp;
				PRODUCT_NAME = "$(TARGET_NAME)";
				SWIFT_OBJC_BRIDGING_HEADER = "SmackApp/Supporting Files/SmackApp-Bridging-Header.h";
				SWIFT_OPTIMIZATION_LEVEL = "-Onone";
				SWIFT_VERSION = 4.0;
				TARGETED_DEVICE_FAMILY = "1,2";
			};
			name = Debug;
		};
		14C23E0120FC3C5D00F67871 /* Release */ = {
			isa = XCBuildConfiguration;
			baseConfigurationReference = A33970051416E205FE0EDB1B /* Pods-SmackApp.release.xcconfig */;
			buildSettings = {
				ASSETCATALOG_COMPILER_APPICON_NAME = AppIcon;
				CLANG_ENABLE_MODULES = YES;
				CODE_SIGN_STYLE = Automatic;
				INFOPLIST_FILE = SmackApp/Info.plist;
				LD_RUNPATH_SEARCH_PATHS = (
					"$(inherited)",
					"@executable_path/Frameworks",
				);
				PRODUCT_BUNDLE_IDENTIFIER = corybraun.SmackApp;
				PRODUCT_NAME = "$(TARGET_NAME)";
				SWIFT_OBJC_BRIDGING_HEADER = "SmackApp/Supporting Files/SmackApp-Bridging-Header.h";
				SWIFT_VERSION = 4.0;
				TARGETED_DEVICE_FAMILY = "1,2";
			};
			name = Release;
		};
/* End XCBuildConfiguration section */

/* Begin XCConfigurationList section */
		14C23DE820FC3C5C00F67871 /* Build configuration list for PBXProject "SmackApp" */ = {
			isa = XCConfigurationList;
			buildConfigurations = (
				14C23DFD20FC3C5D00F67871 /* Debug */,
				14C23DFE20FC3C5D00F67871 /* Release */,
			);
			defaultConfigurationIsVisible = 0;
			defaultConfigurationName = Release;
		};
		14C23DFF20FC3C5D00F67871 /* Build configuration list for PBXNativeTarget "SmackApp" */ = {
			isa = XCConfigurationList;
			buildConfigurations = (
				14C23E0020FC3C5D00F67871 /* Debug */,
				14C23E0120FC3C5D00F67871 /* Release */,
			);
			defaultConfigurationIsVisible = 0;
			defaultConfigurationName = Release;
		};
/* End XCConfigurationList section */
	};
	rootObject = 14C23DE520FC3C5C00F67871 /* Project object */;
}
